
Microsoft Visual Studio Solution File, Format Version 12.00
# Visual Studio Version 16
VisualStudioVersion = 16.0.28803.202
MinimumVisualStudioVersion = 10.0.40219.1
Project("{FAE04EC0-301F-11D3-BF4B-00C04F79EFBC}") = "Warp", "Warp\Warp.csproj", "{6EF0F39E-2CC6-4047-A13A-EF048F155C49}"
	ProjectSection(ProjectDependencies) = postProject
		{7976E078-C29C-487D-B354-F9ED8A497178} = {7976E078-C29C-487D-B354-F9ED8A497178}
		{4BA9AC95-AD8A-4519-A42D-0789718C8123} = {4BA9AC95-AD8A-4519-A42D-0789718C8123}
		{7537C3CE-3A3B-445F-A0E3-C764BF8AD0DE} = {7537C3CE-3A3B-445F-A0E3-C764BF8AD0DE}
		{E6CCC2DE-6843-483F-BC4C-631FD448DBBD} = {E6CCC2DE-6843-483F-BC4C-631FD448DBBD}
		{EADF11F2-05E0-4391-876C-DAF8B7E859D9} = {EADF11F2-05E0-4391-876C-DAF8B7E859D9}
	EndProjectSection
EndProject
Project("{8BC9CEB8-8B4A-11D0-8D11-00A0C91BC942}") = "GPUAcceleration", "GPUAcceleration\GPUAcceleration.vcxproj", "{7976E078-C29C-487D-B354-F9ED8A497178}"
EndProject
Project("{FAE04EC0-301F-11D3-BF4B-00C04F79EFBC}") = "WarpLib", "WarpLib\WarpLib.csproj", "{4BA9AC95-AD8A-4519-A42D-0789718C8123}"
EndProject
Project("{FAE04EC0-301F-11D3-BF4B-00C04F79EFBC}") = "WarpControls", "WarpControls\WarpControls.csproj", "{7537C3CE-3A3B-445F-A0E3-C764BF8AD0DE}"
EndProject
Project("{8BC9CEB8-8B4A-11D0-8D11-00A0C91BC942}") = "TFUtility", "TFUtility\TFUtility.vcxproj", "{E6CCC2DE-6843-483F-BC4C-631FD448DBBD}"
EndProject
Project("{FAE04EC0-301F-11D3-BF4B-00C04F79EFBC}") = "M", "M\M.csproj", "{9CDD05F1-17A5-473E-85DF-4652B6A20EBD}"
	ProjectSection(ProjectDependencies) = postProject
		{7976E078-C29C-487D-B354-F9ED8A497178} = {7976E078-C29C-487D-B354-F9ED8A497178}
		{E6CCC2DE-6843-483F-BC4C-631FD448DBBD} = {E6CCC2DE-6843-483F-BC4C-631FD448DBBD}
		{EADF11F2-05E0-4391-876C-DAF8B7E859D9} = {EADF11F2-05E0-4391-876C-DAF8B7E859D9}
	EndProjectSection
EndProject
Project("{FAE04EC0-301F-11D3-BF4B-00C04F79EFBC}") = "WarpWorker", "WarpWorker\WarpWorker.csproj", "{EADF11F2-05E0-4391-876C-DAF8B7E859D9}"
EndProject
Project("{FAE04EC0-301F-11D3-BF4B-00C04F79EFBC}") = "TiffProfiling", "TiffProfiling\TiffProfiling.csproj", "{D5111136-D625-4E2B-8431-32DC082D75EA}"
EndProject
Project("{FAE04EC0-301F-11D3-BF4B-00C04F79EFBC}") = "Snippets", "Snippets\Snippets.csproj", "{7474F35D-9315-442F-8C2C-159BFA07BB85}"
EndProject
Project("{FAE04EC0-301F-11D3-BF4B-00C04F79EFBC}") = "Frankenmap", "Frankenmap\Frankenmap.csproj", "{B1044A7F-214D-4323-A7E7-66E71418A48B}"
	ProjectSection(ProjectDependencies) = postProject
		{7976E078-C29C-487D-B354-F9ED8A497178} = {7976E078-C29C-487D-B354-F9ED8A497178}
	EndProjectSection
EndProject
Project("{FAE04EC0-301F-11D3-BF4B-00C04F79EFBC}") = "Noise2Particle", "Noise2Particle\Noise2Particle.csproj", "{D2F35A8A-F32E-43F6-9E75-28468A50A641}"
	ProjectSection(ProjectDependencies) = postProject
		{7976E078-C29C-487D-B354-F9ED8A497178} = {7976E078-C29C-487D-B354-F9ED8A497178}
		{E6CCC2DE-6843-483F-BC4C-631FD448DBBD} = {E6CCC2DE-6843-483F-BC4C-631FD448DBBD}
	EndProjectSection
EndProject
Project("{FAE04EC0-301F-11D3-BF4B-00C04F79EFBC}") = "Noise2Map", "Noise2Map\Noise2Map.csproj", "{5AE3B398-65F7-43C1-9C39-00DDB79E9F5D}"
EndProject
Project("{FAE04EC0-301F-11D3-BF4B-00C04F79EFBC}") = "EstimateWeights", "EstimateWeights\EstimateWeights.csproj", "{D7E22C60-8769-4B0C-A829-D4C6FFEB00B2}"
EndProject
Project("{FAE04EC0-301F-11D3-BF4B-00C04F79EFBC}") = "PCA3d", "PCA3d\PCA3d.csproj", "{804936E2-93FF-4E52-9729-E111446DDE5F}"
EndProject
Global
	GlobalSection(SolutionConfigurationPlatforms) = preSolution
		Debug|Any CPU = Debug|Any CPU
		Debug|Mixed Platforms = Debug|Mixed Platforms
		Debug|Win32 = Debug|Win32
		Debug|x64 = Debug|x64
		Release|Any CPU = Release|Any CPU
		Release|Mixed Platforms = Release|Mixed Platforms
		Release|Win32 = Release|Win32
		Release|x64 = Release|x64
	EndGlobalSection
	GlobalSection(ProjectConfigurationPlatforms) = postSolution
		{6EF0F39E-2CC6-4047-A13A-EF048F155C49}.Debug|Any CPU.ActiveCfg = Debug|Any CPU
		{6EF0F39E-2CC6-4047-A13A-EF048F155C49}.Debug|Any CPU.Build.0 = Debug|Any CPU
		{6EF0F39E-2CC6-4047-A13A-EF048F155C49}.Debug|Mixed Platforms.ActiveCfg = Debug|Any CPU
		{6EF0F39E-2CC6-4047-A13A-EF048F155C49}.Debug|Mixed Platforms.Build.0 = Debug|Any CPU
		{6EF0F39E-2CC6-4047-A13A-EF048F155C49}.Debug|Win32.ActiveCfg = Debug|Any CPU
		{6EF0F39E-2CC6-4047-A13A-EF048F155C49}.Debug|x64.ActiveCfg = Debug|Any CPU
		{6EF0F39E-2CC6-4047-A13A-EF048F155C49}.Release|Any CPU.ActiveCfg = Release|Any CPU
		{6EF0F39E-2CC6-4047-A13A-EF048F155C49}.Release|Any CPU.Build.0 = Release|Any CPU
		{6EF0F39E-2CC6-4047-A13A-EF048F155C49}.Release|Mixed Platforms.ActiveCfg = Release|Any CPU
		{6EF0F39E-2CC6-4047-A13A-EF048F155C49}.Release|Mixed Platforms.Build.0 = Release|Any CPU
		{6EF0F39E-2CC6-4047-A13A-EF048F155C49}.Release|Win32.ActiveCfg = Release|Any CPU
		{6EF0F39E-2CC6-4047-A13A-EF048F155C49}.Release|x64.ActiveCfg = Release|Any CPU
		{7976E078-C29C-487D-B354-F9ED8A497178}.Debug|Any CPU.ActiveCfg = Debug|x64
		{7976E078-C29C-487D-B354-F9ED8A497178}.Debug|Any CPU.Build.0 = Debug|x64
		{7976E078-C29C-487D-B354-F9ED8A497178}.Debug|Mixed Platforms.ActiveCfg = Debug|x64
		{7976E078-C29C-487D-B354-F9ED8A497178}.Debug|Mixed Platforms.Build.0 = Debug|x64
		{7976E078-C29C-487D-B354-F9ED8A497178}.Debug|Win32.ActiveCfg = Debug|x64
		{7976E078-C29C-487D-B354-F9ED8A497178}.Debug|x64.ActiveCfg = Debug|x64
		{7976E078-C29C-487D-B354-F9ED8A497178}.Debug|x64.Build.0 = Debug|x64
		{7976E078-C29C-487D-B354-F9ED8A497178}.Release|Any CPU.ActiveCfg = Release|x64
		{7976E078-C29C-487D-B354-F9ED8A497178}.Release|Any CPU.Build.0 = Release|x64
		{7976E078-C29C-487D-B354-F9ED8A497178}.Release|Mixed Platforms.ActiveCfg = Release|x64
		{7976E078-C29C-487D-B354-F9ED8A497178}.Release|Mixed Platforms.Build.0 = Release|x64
		{7976E078-C29C-487D-B354-F9ED8A497178}.Release|Win32.ActiveCfg = Release|x64
		{7976E078-C29C-487D-B354-F9ED8A497178}.Release|x64.ActiveCfg = Release|x64
		{7976E078-C29C-487D-B354-F9ED8A497178}.Release|x64.Build.0 = Release|x64
		{4BA9AC95-AD8A-4519-A42D-0789718C8123}.Debug|Any CPU.ActiveCfg = Debug|Any CPU
		{4BA9AC95-AD8A-4519-A42D-0789718C8123}.Debug|Any CPU.Build.0 = Debug|Any CPU
		{4BA9AC95-AD8A-4519-A42D-0789718C8123}.Debug|Mixed Platforms.ActiveCfg = Debug|Any CPU
		{4BA9AC95-AD8A-4519-A42D-0789718C8123}.Debug|Mixed Platforms.Build.0 = Debug|Any CPU
		{4BA9AC95-AD8A-4519-A42D-0789718C8123}.Debug|Win32.ActiveCfg = Debug|Any CPU
		{4BA9AC95-AD8A-4519-A42D-0789718C8123}.Debug|Win32.Build.0 = Debug|Any CPU
		{4BA9AC95-AD8A-4519-A42D-0789718C8123}.Debug|x64.ActiveCfg = Debug|Any CPU
		{4BA9AC95-AD8A-4519-A42D-0789718C8123}.Debug|x64.Build.0 = Debug|Any CPU
		{4BA9AC95-AD8A-4519-A42D-0789718C8123}.Release|Any CPU.ActiveCfg = Release|Any CPU
		{4BA9AC95-AD8A-4519-A42D-0789718C8123}.Release|Any CPU.Build.0 = Release|Any CPU
		{4BA9AC95-AD8A-4519-A42D-0789718C8123}.Release|Mixed Platforms.ActiveCfg = Release|Any CPU
		{4BA9AC95-AD8A-4519-A42D-0789718C8123}.Release|Mixed Platforms.Build.0 = Release|Any CPU
		{4BA9AC95-AD8A-4519-A42D-0789718C8123}.Release|Win32.ActiveCfg = Release|Any CPU
		{4BA9AC95-AD8A-4519-A42D-0789718C8123}.Release|Win32.Build.0 = Release|Any CPU
		{4BA9AC95-AD8A-4519-A42D-0789718C8123}.Release|x64.ActiveCfg = Release|Any CPU
		{4BA9AC95-AD8A-4519-A42D-0789718C8123}.Release|x64.Build.0 = Release|Any CPU
		{7537C3CE-3A3B-445F-A0E3-C764BF8AD0DE}.Debug|Any CPU.ActiveCfg = Debug|Any CPU
		{7537C3CE-3A3B-445F-A0E3-C764BF8AD0DE}.Debug|Any CPU.Build.0 = Debug|Any CPU
		{7537C3CE-3A3B-445F-A0E3-C764BF8AD0DE}.Debug|Mixed Platforms.ActiveCfg = Debug|Any CPU
		{7537C3CE-3A3B-445F-A0E3-C764BF8AD0DE}.Debug|Mixed Platforms.Build.0 = Debug|Any CPU
		{7537C3CE-3A3B-445F-A0E3-C764BF8AD0DE}.Debug|Win32.ActiveCfg = Debug|Any CPU
		{7537C3CE-3A3B-445F-A0E3-C764BF8AD0DE}.Debug|Win32.Build.0 = Debug|Any CPU
		{7537C3CE-3A3B-445F-A0E3-C764BF8AD0DE}.Debug|x64.ActiveCfg = Debug|Any CPU
		{7537C3CE-3A3B-445F-A0E3-C764BF8AD0DE}.Debug|x64.Build.0 = Debug|Any CPU
		{7537C3CE-3A3B-445F-A0E3-C764BF8AD0DE}.Release|Any CPU.ActiveCfg = Release|Any CPU
		{7537C3CE-3A3B-445F-A0E3-C764BF8AD0DE}.Release|Any CPU.Build.0 = Release|Any CPU
		{7537C3CE-3A3B-445F-A0E3-C764BF8AD0DE}.Release|Mixed Platforms.ActiveCfg = Release|Any CPU
		{7537C3CE-3A3B-445F-A0E3-C764BF8AD0DE}.Release|Mixed Platforms.Build.0 = Release|Any CPU
		{7537C3CE-3A3B-445F-A0E3-C764BF8AD0DE}.Release|Win32.ActiveCfg = Release|Any CPU
		{7537C3CE-3A3B-445F-A0E3-C764BF8AD0DE}.Release|Win32.Build.0 = Release|Any CPU
		{7537C3CE-3A3B-445F-A0E3-C764BF8AD0DE}.Release|x64.ActiveCfg = Release|Any CPU
		{7537C3CE-3A3B-445F-A0E3-C764BF8AD0DE}.Release|x64.Build.0 = Release|Any CPU
		{E6CCC2DE-6843-483F-BC4C-631FD448DBBD}.Debug|Any CPU.ActiveCfg = Debug|x64
		{E6CCC2DE-6843-483F-BC4C-631FD448DBBD}.Debug|Any CPU.Build.0 = Debug|x64
		{E6CCC2DE-6843-483F-BC4C-631FD448DBBD}.Debug|Mixed Platforms.ActiveCfg = Debug|x64
		{E6CCC2DE-6843-483F-BC4C-631FD448DBBD}.Debug|Mixed Platforms.Build.0 = Debug|x64
		{E6CCC2DE-6843-483F-BC4C-631FD448DBBD}.Debug|Win32.ActiveCfg = Debug|x64
		{E6CCC2DE-6843-483F-BC4C-631FD448DBBD}.Debug|x64.ActiveCfg = Debug|x64
		{E6CCC2DE-6843-483F-BC4C-631FD448DBBD}.Debug|x64.Build.0 = Debug|x64
		{E6CCC2DE-6843-483F-BC4C-631FD448DBBD}.Release|Any CPU.ActiveCfg = Release|x64
		{E6CCC2DE-6843-483F-BC4C-631FD448DBBD}.Release|Any CPU.Build.0 = Release|x64
		{E6CCC2DE-6843-483F-BC4C-631FD448DBBD}.Release|Mixed Platforms.ActiveCfg = Release|x64
		{E6CCC2DE-6843-483F-BC4C-631FD448DBBD}.Release|Mixed Platforms.Build.0 = Release|x64
		{E6CCC2DE-6843-483F-BC4C-631FD448DBBD}.Release|Win32.ActiveCfg = Release|x64
		{E6CCC2DE-6843-483F-BC4C-631FD448DBBD}.Release|x64.ActiveCfg = Release|x64
		{E6CCC2DE-6843-483F-BC4C-631FD448DBBD}.Release|x64.Build.0 = Release|x64
		{9CDD05F1-17A5-473E-85DF-4652B6A20EBD}.Debug|Any CPU.ActiveCfg = Debug|Any CPU
		{9CDD05F1-17A5-473E-85DF-4652B6A20EBD}.Debug|Any CPU.Build.0 = Debug|Any CPU
		{9CDD05F1-17A5-473E-85DF-4652B6A20EBD}.Debug|Mixed Platforms.ActiveCfg = Debug|Any CPU
		{9CDD05F1-17A5-473E-85DF-4652B6A20EBD}.Debug|Mixed Platforms.Build.0 = Debug|Any CPU
		{9CDD05F1-17A5-473E-85DF-4652B6A20EBD}.Debug|Win32.ActiveCfg = Debug|Any CPU
		{9CDD05F1-17A5-473E-85DF-4652B6A20EBD}.Debug|Win32.Build.0 = Debug|Any CPU
		{9CDD05F1-17A5-473E-85DF-4652B6A20EBD}.Debug|x64.ActiveCfg = Debug|Any CPU
		{9CDD05F1-17A5-473E-85DF-4652B6A20EBD}.Debug|x64.Build.0 = Debug|Any CPU
		{9CDD05F1-17A5-473E-85DF-4652B6A20EBD}.Release|Any CPU.ActiveCfg = Release|Any CPU
		{9CDD05F1-17A5-473E-85DF-4652B6A20EBD}.Release|Any CPU.Build.0 = Release|Any CPU
		{9CDD05F1-17A5-473E-85DF-4652B6A20EBD}.Release|Mixed Platforms.ActiveCfg = Release|Any CPU
		{9CDD05F1-17A5-473E-85DF-4652B6A20EBD}.Release|Mixed Platforms.Build.0 = Release|Any CPU
		{9CDD05F1-17A5-473E-85DF-4652B6A20EBD}.Release|Win32.ActiveCfg = Release|Any CPU
		{9CDD05F1-17A5-473E-85DF-4652B6A20EBD}.Release|Win32.Build.0 = Release|Any CPU
		{9CDD05F1-17A5-473E-85DF-4652B6A20EBD}.Release|x64.ActiveCfg = Release|Any CPU
		{9CDD05F1-17A5-473E-85DF-4652B6A20EBD}.Release|x64.Build.0 = Release|Any CPU
		{EADF11F2-05E0-4391-876C-DAF8B7E859D9}.Debug|Any CPU.ActiveCfg = Debug|Any CPU
		{EADF11F2-05E0-4391-876C-DAF8B7E859D9}.Debug|Any CPU.Build.0 = Debug|Any CPU
		{EADF11F2-05E0-4391-876C-DAF8B7E859D9}.Debug|Mixed Platforms.ActiveCfg = Debug|Any CPU
		{EADF11F2-05E0-4391-876C-DAF8B7E859D9}.Debug|Mixed Platforms.Build.0 = Debug|Any CPU
		{EADF11F2-05E0-4391-876C-DAF8B7E859D9}.Debug|Win32.ActiveCfg = Debug|Any CPU
		{EADF11F2-05E0-4391-876C-DAF8B7E859D9}.Debug|Win32.Build.0 = Debug|Any CPU
		{EADF11F2-05E0-4391-876C-DAF8B7E859D9}.Debug|x64.ActiveCfg = Debug|Any CPU
		{EADF11F2-05E0-4391-876C-DAF8B7E859D9}.Debug|x64.Build.0 = Debug|Any CPU
		{EADF11F2-05E0-4391-876C-DAF8B7E859D9}.Release|Any CPU.ActiveCfg = Release|Any CPU
		{EADF11F2-05E0-4391-876C-DAF8B7E859D9}.Release|Any CPU.Build.0 = Release|Any CPU
		{EADF11F2-05E0-4391-876C-DAF8B7E859D9}.Release|Mixed Platforms.ActiveCfg = Release|Any CPU
		{EADF11F2-05E0-4391-876C-DAF8B7E859D9}.Release|Mixed Platforms.Build.0 = Release|Any CPU
		{EADF11F2-05E0-4391-876C-DAF8B7E859D9}.Release|Win32.ActiveCfg = Release|Any CPU
		{EADF11F2-05E0-4391-876C-DAF8B7E859D9}.Release|Win32.Build.0 = Release|Any CPU
		{EADF11F2-05E0-4391-876C-DAF8B7E859D9}.Release|x64.ActiveCfg = Release|Any CPU
		{EADF11F2-05E0-4391-876C-DAF8B7E859D9}.Release|x64.Build.0 = Release|Any CPU
		{D5111136-D625-4E2B-8431-32DC082D75EA}.Debug|Any CPU.ActiveCfg = Debug|Any CPU
		{D5111136-D625-4E2B-8431-32DC082D75EA}.Debug|Any CPU.Build.0 = Debug|Any CPU
		{D5111136-D625-4E2B-8431-32DC082D75EA}.Debug|Mixed Platforms.ActiveCfg = Debug|Any CPU
		{D5111136-D625-4E2B-8431-32DC082D75EA}.Debug|Mixed Platforms.Build.0 = Debug|Any CPU
		{D5111136-D625-4E2B-8431-32DC082D75EA}.Debug|Win32.ActiveCfg = Debug|Any CPU
		{D5111136-D625-4E2B-8431-32DC082D75EA}.Debug|Win32.Build.0 = Debug|Any CPU
		{D5111136-D625-4E2B-8431-32DC082D75EA}.Debug|x64.ActiveCfg = Debug|Any CPU
		{D5111136-D625-4E2B-8431-32DC082D75EA}.Debug|x64.Build.0 = Debug|Any CPU
		{D5111136-D625-4E2B-8431-32DC082D75EA}.Release|Any CPU.ActiveCfg = Release|Any CPU
		{D5111136-D625-4E2B-8431-32DC082D75EA}.Release|Any CPU.Build.0 = Release|Any CPU
		{D5111136-D625-4E2B-8431-32DC082D75EA}.Release|Mixed Platforms.ActiveCfg = Release|Any CPU
		{D5111136-D625-4E2B-8431-32DC082D75EA}.Release|Mixed Platforms.Build.0 = Release|Any CPU
		{D5111136-D625-4E2B-8431-32DC082D75EA}.Release|Win32.ActiveCfg = Release|Any CPU
		{D5111136-D625-4E2B-8431-32DC082D75EA}.Release|Win32.Build.0 = Release|Any CPU
		{D5111136-D625-4E2B-8431-32DC082D75EA}.Release|x64.ActiveCfg = Release|Any CPU
		{D5111136-D625-4E2B-8431-32DC082D75EA}.Release|x64.Build.0 = Release|Any CPU
		{7474F35D-9315-442F-8C2C-159BFA07BB85}.Debug|Any CPU.ActiveCfg = Debug|Any CPU
		{7474F35D-9315-442F-8C2C-159BFA07BB85}.Debug|Any CPU.Build.0 = Debug|Any CPU
		{7474F35D-9315-442F-8C2C-159BFA07BB85}.Debug|Mixed Platforms.ActiveCfg = Debug|Any CPU
		{7474F35D-9315-442F-8C2C-159BFA07BB85}.Debug|Mixed Platforms.Build.0 = Debug|Any CPU
		{7474F35D-9315-442F-8C2C-159BFA07BB85}.Debug|Win32.ActiveCfg = Debug|Any CPU
		{7474F35D-9315-442F-8C2C-159BFA07BB85}.Debug|Win32.Build.0 = Debug|Any CPU
		{7474F35D-9315-442F-8C2C-159BFA07BB85}.Debug|x64.ActiveCfg = Debug|Any CPU
		{7474F35D-9315-442F-8C2C-159BFA07BB85}.Debug|x64.Build.0 = Debug|Any CPU
		{7474F35D-9315-442F-8C2C-159BFA07BB85}.Release|Any CPU.ActiveCfg = Release|Any CPU
		{7474F35D-9315-442F-8C2C-159BFA07BB85}.Release|Any CPU.Build.0 = Release|Any CPU
		{7474F35D-9315-442F-8C2C-159BFA07BB85}.Release|Mixed Platforms.ActiveCfg = Release|Any CPU
		{7474F35D-9315-442F-8C2C-159BFA07BB85}.Release|Mixed Platforms.Build.0 = Release|Any CPU
		{7474F35D-9315-442F-8C2C-159BFA07BB85}.Release|Win32.ActiveCfg = Release|Any CPU
		{7474F35D-9315-442F-8C2C-159BFA07BB85}.Release|Win32.Build.0 = Release|Any CPU
		{7474F35D-9315-442F-8C2C-159BFA07BB85}.Release|x64.ActiveCfg = Release|Any CPU
		{7474F35D-9315-442F-8C2C-159BFA07BB85}.Release|x64.Build.0 = Release|Any CPU
		{B1044A7F-214D-4323-A7E7-66E71418A48B}.Debug|Any CPU.ActiveCfg = Debug|Any CPU
		{B1044A7F-214D-4323-A7E7-66E71418A48B}.Debug|Any CPU.Build.0 = Debug|Any CPU
		{B1044A7F-214D-4323-A7E7-66E71418A48B}.Debug|Mixed Platforms.ActiveCfg = Debug|Any CPU
		{B1044A7F-214D-4323-A7E7-66E71418A48B}.Debug|Mixed Platforms.Build.0 = Debug|Any CPU
		{B1044A7F-214D-4323-A7E7-66E71418A48B}.Debug|Win32.ActiveCfg = Debug|Any CPU
		{B1044A7F-214D-4323-A7E7-66E71418A48B}.Debug|Win32.Build.0 = Debug|Any CPU
		{B1044A7F-214D-4323-A7E7-66E71418A48B}.Debug|x64.ActiveCfg = Debug|Any CPU
		{B1044A7F-214D-4323-A7E7-66E71418A48B}.Debug|x64.Build.0 = Debug|Any CPU
		{B1044A7F-214D-4323-A7E7-66E71418A48B}.Release|Any CPU.ActiveCfg = Release|Any CPU
		{B1044A7F-214D-4323-A7E7-66E71418A48B}.Release|Any CPU.Build.0 = Release|Any CPU
		{B1044A7F-214D-4323-A7E7-66E71418A48B}.Release|Mixed Platforms.ActiveCfg = Release|Any CPU
		{B1044A7F-214D-4323-A7E7-66E71418A48B}.Release|Mixed Platforms.Build.0 = Release|Any CPU
		{B1044A7F-214D-4323-A7E7-66E71418A48B}.Release|Win32.ActiveCfg = Release|Any CPU
		{B1044A7F-214D-4323-A7E7-66E71418A48B}.Release|Win32.Build.0 = Release|Any CPU
		{B1044A7F-214D-4323-A7E7-66E71418A48B}.Release|x64.ActiveCfg = Release|Any CPU
		{B1044A7F-214D-4323-A7E7-66E71418A48B}.Release|x64.Build.0 = Release|Any CPU
		{D2F35A8A-F32E-43F6-9E75-28468A50A641}.Debug|Any CPU.ActiveCfg = Debug|Any CPU
		{D2F35A8A-F32E-43F6-9E75-28468A50A641}.Debug|Any CPU.Build.0 = Debug|Any CPU
		{D2F35A8A-F32E-43F6-9E75-28468A50A641}.Debug|Mixed Platforms.ActiveCfg = Debug|Any CPU
		{D2F35A8A-F32E-43F6-9E75-28468A50A641}.Debug|Mixed Platforms.Build.0 = Debug|Any CPU
		{D2F35A8A-F32E-43F6-9E75-28468A50A641}.Debug|Win32.ActiveCfg = Debug|Any CPU
		{D2F35A8A-F32E-43F6-9E75-28468A50A641}.Debug|Win32.Build.0 = Debug|Any CPU
		{D2F35A8A-F32E-43F6-9E75-28468A50A641}.Debug|x64.ActiveCfg = Debug|Any CPU
		{D2F35A8A-F32E-43F6-9E75-28468A50A641}.Debug|x64.Build.0 = Debug|Any CPU
		{D2F35A8A-F32E-43F6-9E75-28468A50A641}.Release|Any CPU.ActiveCfg = Release|Any CPU
		{D2F35A8A-F32E-43F6-9E75-28468A50A641}.Release|Any CPU.Build.0 = Release|Any CPU
		{D2F35A8A-F32E-43F6-9E75-28468A50A641}.Release|Mixed Platforms.ActiveCfg = Release|Any CPU
		{D2F35A8A-F32E-43F6-9E75-28468A50A641}.Release|Mixed Platforms.Build.0 = Release|Any CPU
		{D2F35A8A-F32E-43F6-9E75-28468A50A641}.Release|Win32.ActiveCfg = Release|Any CPU
		{D2F35A8A-F32E-43F6-9E75-28468A50A641}.Release|Win32.Build.0 = Release|Any CPU
		{D2F35A8A-F32E-43F6-9E75-28468A50A641}.Release|x64.ActiveCfg = Release|Any CPU
		{D2F35A8A-F32E-43F6-9E75-28468A50A641}.Release|x64.Build.0 = Release|Any CPU
		{5AE3B398-65F7-43C1-9C39-00DDB79E9F5D}.Debug|Any CPU.ActiveCfg = Debug|Any CPU
		{5AE3B398-65F7-43C1-9C39-00DDB79E9F5D}.Debug|Any CPU.Build.0 = Debug|Any CPU
		{5AE3B398-65F7-43C1-9C39-00DDB79E9F5D}.Debug|Mixed Platforms.ActiveCfg = Debug|Any CPU
		{5AE3B398-65F7-43C1-9C39-00DDB79E9F5D}.Debug|Mixed Platforms.Build.0 = Debug|Any CPU
		{5AE3B398-65F7-43C1-9C39-00DDB79E9F5D}.Debug|Win32.ActiveCfg = Debug|Any CPU
		{5AE3B398-65F7-43C1-9C39-00DDB79E9F5D}.Debug|Win32.Build.0 = Debug|Any CPU
		{5AE3B398-65F7-43C1-9C39-00DDB79E9F5D}.Debug|x64.ActiveCfg = Debug|Any CPU
		{5AE3B398-65F7-43C1-9C39-00DDB79E9F5D}.Debug|x64.Build.0 = Debug|Any CPU
		{5AE3B398-65F7-43C1-9C39-00DDB79E9F5D}.Release|Any CPU.ActiveCfg = Release|Any CPU
		{5AE3B398-65F7-43C1-9C39-00DDB79E9F5D}.Release|Any CPU.Build.0 = Release|Any CPU
		{5AE3B398-65F7-43C1-9C39-00DDB79E9F5D}.Release|Mixed Platforms.ActiveCfg = Release|Any CPU
		{5AE3B398-65F7-43C1-9C39-00DDB79E9F5D}.Release|Mixed Platforms.Build.0 = Release|Any CPU
		{5AE3B398-65F7-43C1-9C39-00DDB79E9F5D}.Release|Win32.ActiveCfg = Release|Any CPU
		{5AE3B398-65F7-43C1-9C39-00DDB79E9F5D}.Release|Win32.Build.0 = Release|Any CPU
		{5AE3B398-65F7-43C1-9C39-00DDB79E9F5D}.Release|x64.ActiveCfg = Release|Any CPU
		{5AE3B398-65F7-43C1-9C39-00DDB79E9F5D}.Release|x64.Build.0 = Release|Any CPU
		{D7E22C60-8769-4B0C-A829-D4C6FFEB00B2}.Debug|Any CPU.ActiveCfg = Debug|Any CPU
		{D7E22C60-8769-4B0C-A829-D4C6FFEB00B2}.Debug|Any CPU.Build.0 = Debug|Any CPU
		{D7E22C60-8769-4B0C-A829-D4C6FFEB00B2}.Debug|Mixed Platforms.ActiveCfg = Debug|Any CPU
		{D7E22C60-8769-4B0C-A829-D4C6FFEB00B2}.Debug|Mixed Platforms.Build.0 = Debug|Any CPU
		{D7E22C60-8769-4B0C-A829-D4C6FFEB00B2}.Debug|Win32.ActiveCfg = Debug|Any CPU
		{D7E22C60-8769-4B0C-A829-D4C6FFEB00B2}.Debug|Win32.Build.0 = Debug|Any CPU
		{D7E22C60-8769-4B0C-A829-D4C6FFEB00B2}.Debug|x64.ActiveCfg = Debug|Any CPU
		{D7E22C60-8769-4B0C-A829-D4C6FFEB00B2}.Debug|x64.Build.0 = Debug|Any CPU
		{D7E22C60-8769-4B0C-A829-D4C6FFEB00B2}.Release|Any CPU.ActiveCfg = Release|Any CPU
		{D7E22C60-8769-4B0C-A829-D4C6FFEB00B2}.Release|Any CPU.Build.0 = Release|Any CPU
		{D7E22C60-8769-4B0C-A829-D4C6FFEB00B2}.Release|Mixed Platforms.ActiveCfg = Release|Any CPU
		{D7E22C60-8769-4B0C-A829-D4C6FFEB00B2}.Release|Mixed Platforms.Build.0 = Release|Any CPU
		{D7E22C60-8769-4B0C-A829-D4C6FFEB00B2}.Release|Win32.ActiveCfg = Release|Any CPU
		{D7E22C60-8769-4B0C-A829-D4C6FFEB00B2}.Release|Win32.Build.0 = Release|Any CPU
		{D7E22C60-8769-4B0C-A829-D4C6FFEB00B2}.Release|x64.ActiveCfg = Release|Any CPU
		{D7E22C60-8769-4B0C-A829-D4C6FFEB00B2}.Release|x64.Build.0 = Release|Any CPU
		{804936E2-93FF-4E52-9729-E111446DDE5F}.Debug|Any CPU.ActiveCfg = Debug|Any CPU
		{804936E2-93FF-4E52-9729-E111446DDE5F}.Debug|Any CPU.Build.0 = Debug|Any CPU
		{804936E2-93FF-4E52-9729-E111446DDE5F}.Debug|Mixed Platforms.ActiveCfg = Debug|Any CPU
		{804936E2-93FF-4E52-9729-E111446DDE5F}.Debug|Mixed Platforms.Build.0 = Debug|Any CPU
		{804936E2-93FF-4E52-9729-E111446DDE5F}.Debug|Win32.ActiveCfg = Debug|Any CPU
		{804936E2-93FF-4E52-9729-E111446DDE5F}.Debug|Win32.Build.0 = Debug|Any CPU
		{804936E2-93FF-4E52-9729-E111446DDE5F}.Debug|x64.ActiveCfg = Debug|Any CPU
		{804936E2-93FF-4E52-9729-E111446DDE5F}.Debug|x64.Build.0 = Debug|Any CPU
		{804936E2-93FF-4E52-9729-E111446DDE5F}.Release|Any CPU.ActiveCfg = Release|Any CPU
		{804936E2-93FF-4E52-9729-E111446DDE5F}.Release|Any CPU.Build.0 = Release|Any CPU
		{804936E2-93FF-4E52-9729-E111446DDE5F}.Release|Mixed Platforms.ActiveCfg = Release|Any CPU
		{804936E2-93FF-4E52-9729-E111446DDE5F}.Release|Mixed Platforms.Build.0 = Release|Any CPU
		{804936E2-93FF-4E52-9729-E111446DDE5F}.Release|Win32.ActiveCfg = Release|Any CPU
		{804936E2-93FF-4E52-9729-E111446DDE5F}.Release|Win32.Build.0 = Release|Any CPU
		{804936E2-93FF-4E52-9729-E111446DDE5F}.Release|x64.ActiveCfg = Release|Any CPU
		{804936E2-93FF-4E52-9729-E111446DDE5F}.Release|x64.Build.0 = Release|Any CPU
	EndGlobalSection
	GlobalSection(SolutionProperties) = preSolution
		HideSolutionNode = FALSE
	EndGlobalSection
	GlobalSection(ExtensibilityGlobals) = postSolution
		SolutionGuid = {422E982C-4DA8-47BF-B58C-9196541B5172}
	EndGlobalSection
EndGlobal
